// !$*UTF8*$!
{
	archiveVersion = 1;
	classes = {
	};
	objectVersion = 55;
	objects = {

/* Begin PBXBuildFile section */
		B73D643B28B7711800D8B38A /* AppDelegate.swift in Sources */ = {isa = PBXBuildFile; fileRef = B73D643A28B7711800D8B38A /* AppDelegate.swift */; };
		B73D643D28B7711800D8B38A /* SceneDelegate.swift in Sources */ = {isa = PBXBuildFile; fileRef = B73D643C28B7711800D8B38A /* SceneDelegate.swift */; };
		B73D644228B7711800D8B38A /* Main.storyboard in Resources */ = {isa = PBXBuildFile; fileRef = B73D644028B7711800D8B38A /* Main.storyboard */; };
		B73D644528B7711800D8B38A /* Tasko.xcdatamodeld in Sources */ = {isa = PBXBuildFile; fileRef = B73D644328B7711800D8B38A /* Tasko.xcdatamodeld */; };
		B73D644728B7711900D8B38A /* Assets.xcassets in Resources */ = {isa = PBXBuildFile; fileRef = B73D644628B7711900D8B38A /* Assets.xcassets */; };
		B73D644A28B7711900D8B38A /* LaunchScreen.storyboard in Resources */ = {isa = PBXBuildFile; fileRef = B73D644828B7711900D8B38A /* LaunchScreen.storyboard */; };
		B73D645528B7711900D8B38A /* TaskoTests.swift in Sources */ = {isa = PBXBuildFile; fileRef = B73D645428B7711900D8B38A /* TaskoTests.swift */; };
		B73D645F28B7711900D8B38A /* TaskoUITests.swift in Sources */ = {isa = PBXBuildFile; fileRef = B73D645E28B7711900D8B38A /* TaskoUITests.swift */; };
		B73D646128B7711900D8B38A /* TaskoUITestsLaunchTests.swift in Sources */ = {isa = PBXBuildFile; fileRef = B73D646028B7711900D8B38A /* TaskoUITestsLaunchTests.swift */; };
		B74EB09328B7960F00C95C40 /* MainTabController.swift in Sources */ = {isa = PBXBuildFile; fileRef = B74EB09228B7960F00C95C40 /* MainTabController.swift */; };
		B74EB09828B7967A00C95C40 /* Projects.storyboard in Resources */ = {isa = PBXBuildFile; fileRef = B74EB09728B7967A00C95C40 /* Projects.storyboard */; };
		B74EB09A28B7968D00C95C40 /* ProjectsViewController.swift in Sources */ = {isa = PBXBuildFile; fileRef = B74EB09928B7968D00C95C40 /* ProjectsViewController.swift */; };
		B74EB09F28B7979300C95C40 /* GetStarted.storyboard in Resources */ = {isa = PBXBuildFile; fileRef = B74EB09E28B7979300C95C40 /* GetStarted.storyboard */; };
		B74EB0A128B797A300C95C40 /* GetStartedViewController.swift in Sources */ = {isa = PBXBuildFile; fileRef = B74EB0A028B797A300C95C40 /* GetStartedViewController.swift */; };
		B74EB0AC28B79AD500C95C40 /* Inter-SemiBold.ttf in Resources */ = {isa = PBXBuildFile; fileRef = B74EB0A328B79AD500C95C40 /* Inter-SemiBold.ttf */; };
		B74EB0AD28B79AD500C95C40 /* Inter-ExtraLight.ttf in Resources */ = {isa = PBXBuildFile; fileRef = B74EB0A428B79AD500C95C40 /* Inter-ExtraLight.ttf */; };
		B74EB0AE28B79AD500C95C40 /* Inter-Bold.ttf in Resources */ = {isa = PBXBuildFile; fileRef = B74EB0A528B79AD500C95C40 /* Inter-Bold.ttf */; };
		B74EB0AF28B79AD500C95C40 /* Inter-Thin.ttf in Resources */ = {isa = PBXBuildFile; fileRef = B74EB0A628B79AD500C95C40 /* Inter-Thin.ttf */; };
		B74EB0B028B79AD500C95C40 /* Inter-Light.ttf in Resources */ = {isa = PBXBuildFile; fileRef = B74EB0A728B79AD500C95C40 /* Inter-Light.ttf */; };
		B74EB0B128B79AD500C95C40 /* Inter-ExtraBold.ttf in Resources */ = {isa = PBXBuildFile; fileRef = B74EB0A828B79AD500C95C40 /* Inter-ExtraBold.ttf */; };
		B74EB0B228B79AD500C95C40 /* Inter-Medium.ttf in Resources */ = {isa = PBXBuildFile; fileRef = B74EB0A928B79AD500C95C40 /* Inter-Medium.ttf */; };
		B74EB0B328B79AD500C95C40 /* Inter-Black.ttf in Resources */ = {isa = PBXBuildFile; fileRef = B74EB0AA28B79AD500C95C40 /* Inter-Black.ttf */; };
		B74EB0B428B79AD500C95C40 /* Inter-Regular.ttf in Resources */ = {isa = PBXBuildFile; fileRef = B74EB0AB28B79AD500C95C40 /* Inter-Regular.ttf */; };
		B7961F2A28BB3AC60029E215 /* SignUp.storyboard in Resources */ = {isa = PBXBuildFile; fileRef = B7961F2928BB3AC60029E215 /* SignUp.storyboard */; };
		B7961F2C28BB3ACF0029E215 /* SignUpViewController.swift in Sources */ = {isa = PBXBuildFile; fileRef = B7961F2B28BB3ACF0029E215 /* SignUpViewController.swift */; };
		B796F94928BC5D510013B6CA /* UIViewController+Storyboard.swift in Sources */ = {isa = PBXBuildFile; fileRef = B796F94828BC5D510013B6CA /* UIViewController+Storyboard.swift */; };
		B796F94B28BC5D780013B6CA /* Dictionary+URLQueryItem.swift in Sources */ = {isa = PBXBuildFile; fileRef = B796F94A28BC5D780013B6CA /* Dictionary+URLQueryItem.swift */; };
		B796F94D28BC5DBD0013B6CA /* AutoLayout+Extension.swift in Sources */ = {isa = PBXBuildFile; fileRef = B796F94C28BC5DBD0013B6CA /* AutoLayout+Extension.swift */; };
		B796F94F28BC5DFA0013B6CA /* Locale+Extension.swift in Sources */ = {isa = PBXBuildFile; fileRef = B796F94E28BC5DFA0013B6CA /* Locale+Extension.swift */; };
		B796F95128BC5E390013B6CA /* NSMutableAttributedString+Extension.swift in Sources */ = {isa = PBXBuildFile; fileRef = B796F95028BC5E390013B6CA /* NSMutableAttributedString+Extension.swift */; };
		B796F95528BCB9890013B6CA /* SetPasswordViewController.swift in Sources */ = {isa = PBXBuildFile; fileRef = B796F95428BCB9890013B6CA /* SetPasswordViewController.swift */; };
		B796F95728BCBD310013B6CA /* SetPassword.storyboard in Resources */ = {isa = PBXBuildFile; fileRef = B796F95628BCBD310013B6CA /* SetPassword.storyboard */; };
		B7C6BAE128BB10C300FD4F56 /* Login.storyboard in Resources */ = {isa = PBXBuildFile; fileRef = B7C6BAE028BB10C300FD4F56 /* Login.storyboard */; };
		B7C6BAE328BB10CF00FD4F56 /* LoginViewController.swift in Sources */ = {isa = PBXBuildFile; fileRef = B7C6BAE228BB10CF00FD4F56 /* LoginViewController.swift */; };
/* End PBXBuildFile section */

/* Begin PBXContainerItemProxy section */
		B73D645128B7711900D8B38A /* PBXContainerItemProxy */ = {
			isa = PBXContainerItemProxy;
			containerPortal = B73D642F28B7711800D8B38A /* Project object */;
			proxyType = 1;
			remoteGlobalIDString = B73D643628B7711800D8B38A;
			remoteInfo = Tasko;
		};
		B73D645B28B7711900D8B38A /* PBXContainerItemProxy */ = {
			isa = PBXContainerItemProxy;
			containerPortal = B73D642F28B7711800D8B38A /* Project object */;
			proxyType = 1;
			remoteGlobalIDString = B73D643628B7711800D8B38A;
			remoteInfo = Tasko;
		};
/* End PBXContainerItemProxy section */

/* Begin PBXFileReference section */
		B73D643728B7711800D8B38A /* Tasko.app */ = {isa = PBXFileReference; explicitFileType = wrapper.application; includeInIndex = 0; path = Tasko.app; sourceTree = BUILT_PRODUCTS_DIR; };
		B73D643A28B7711800D8B38A /* AppDelegate.swift */ = {isa = PBXFileReference; lastKnownFileType = sourcecode.swift; path = AppDelegate.swift; sourceTree = "<group>"; };
		B73D643C28B7711800D8B38A /* SceneDelegate.swift */ = {isa = PBXFileReference; lastKnownFileType = sourcecode.swift; path = SceneDelegate.swift; sourceTree = "<group>"; };
		B73D644128B7711800D8B38A /* Base */ = {isa = PBXFileReference; lastKnownFileType = file.storyboard; name = Base; path = Base.lproj/Main.storyboard; sourceTree = "<group>"; };
		B73D644428B7711800D8B38A /* Tasko.xcdatamodel */ = {isa = PBXFileReference; lastKnownFileType = wrapper.xcdatamodel; path = Tasko.xcdatamodel; sourceTree = "<group>"; };
		B73D644628B7711900D8B38A /* Assets.xcassets */ = {isa = PBXFileReference; lastKnownFileType = folder.assetcatalog; path = Assets.xcassets; sourceTree = "<group>"; };
		B73D644928B7711900D8B38A /* Base */ = {isa = PBXFileReference; lastKnownFileType = file.storyboard; name = Base; path = Base.lproj/LaunchScreen.storyboard; sourceTree = "<group>"; };
		B73D644B28B7711900D8B38A /* Info.plist */ = {isa = PBXFileReference; lastKnownFileType = text.plist.xml; path = Info.plist; sourceTree = "<group>"; };
		B73D645028B7711900D8B38A /* TaskoTests.xctest */ = {isa = PBXFileReference; explicitFileType = wrapper.cfbundle; includeInIndex = 0; path = TaskoTests.xctest; sourceTree = BUILT_PRODUCTS_DIR; };
		B73D645428B7711900D8B38A /* TaskoTests.swift */ = {isa = PBXFileReference; lastKnownFileType = sourcecode.swift; path = TaskoTests.swift; sourceTree = "<group>"; };
		B73D645A28B7711900D8B38A /* TaskoUITests.xctest */ = {isa = PBXFileReference; explicitFileType = wrapper.cfbundle; includeInIndex = 0; path = TaskoUITests.xctest; sourceTree = BUILT_PRODUCTS_DIR; };
		B73D645E28B7711900D8B38A /* TaskoUITests.swift */ = {isa = PBXFileReference; lastKnownFileType = sourcecode.swift; path = TaskoUITests.swift; sourceTree = "<group>"; };
		B73D646028B7711900D8B38A /* TaskoUITestsLaunchTests.swift */ = {isa = PBXFileReference; lastKnownFileType = sourcecode.swift; path = TaskoUITestsLaunchTests.swift; sourceTree = "<group>"; };
		B74EB09228B7960F00C95C40 /* MainTabController.swift */ = {isa = PBXFileReference; lastKnownFileType = sourcecode.swift; path = MainTabController.swift; sourceTree = "<group>"; };
		B74EB09728B7967A00C95C40 /* Projects.storyboard */ = {isa = PBXFileReference; lastKnownFileType = file.storyboard; path = Projects.storyboard; sourceTree = "<group>"; };
		B74EB09928B7968D00C95C40 /* ProjectsViewController.swift */ = {isa = PBXFileReference; lastKnownFileType = sourcecode.swift; path = ProjectsViewController.swift; sourceTree = "<group>"; };
		B74EB09E28B7979300C95C40 /* GetStarted.storyboard */ = {isa = PBXFileReference; lastKnownFileType = file.storyboard; path = GetStarted.storyboard; sourceTree = "<group>"; };
		B74EB0A028B797A300C95C40 /* GetStartedViewController.swift */ = {isa = PBXFileReference; lastKnownFileType = sourcecode.swift; path = GetStartedViewController.swift; sourceTree = "<group>"; };
		B74EB0A328B79AD500C95C40 /* Inter-SemiBold.ttf */ = {isa = PBXFileReference; lastKnownFileType = file; path = "Inter-SemiBold.ttf"; sourceTree = "<group>"; };
		B74EB0A428B79AD500C95C40 /* Inter-ExtraLight.ttf */ = {isa = PBXFileReference; lastKnownFileType = file; path = "Inter-ExtraLight.ttf"; sourceTree = "<group>"; };
		B74EB0A528B79AD500C95C40 /* Inter-Bold.ttf */ = {isa = PBXFileReference; lastKnownFileType = file; path = "Inter-Bold.ttf"; sourceTree = "<group>"; };
		B74EB0A628B79AD500C95C40 /* Inter-Thin.ttf */ = {isa = PBXFileReference; lastKnownFileType = file; path = "Inter-Thin.ttf"; sourceTree = "<group>"; };
		B74EB0A728B79AD500C95C40 /* Inter-Light.ttf */ = {isa = PBXFileReference; lastKnownFileType = file; path = "Inter-Light.ttf"; sourceTree = "<group>"; };
		B74EB0A828B79AD500C95C40 /* Inter-ExtraBold.ttf */ = {isa = PBXFileReference; lastKnownFileType = file; path = "Inter-ExtraBold.ttf"; sourceTree = "<group>"; };
		B74EB0A928B79AD500C95C40 /* Inter-Medium.ttf */ = {isa = PBXFileReference; lastKnownFileType = file; path = "Inter-Medium.ttf"; sourceTree = "<group>"; };
		B74EB0AA28B79AD500C95C40 /* Inter-Black.ttf */ = {isa = PBXFileReference; lastKnownFileType = file; path = "Inter-Black.ttf"; sourceTree = "<group>"; };
		B74EB0AB28B79AD500C95C40 /* Inter-Regular.ttf */ = {isa = PBXFileReference; lastKnownFileType = file; path = "Inter-Regular.ttf"; sourceTree = "<group>"; };
		B7961F2928BB3AC60029E215 /* SignUp.storyboard */ = {isa = PBXFileReference; lastKnownFileType = file.storyboard; path = SignUp.storyboard; sourceTree = "<group>"; };
		B7961F2B28BB3ACF0029E215 /* SignUpViewController.swift */ = {isa = PBXFileReference; lastKnownFileType = sourcecode.swift; path = SignUpViewController.swift; sourceTree = "<group>"; };
		B796F94828BC5D510013B6CA /* UIViewController+Storyboard.swift */ = {isa = PBXFileReference; lastKnownFileType = sourcecode.swift; path = "UIViewController+Storyboard.swift"; sourceTree = "<group>"; };
		B796F94A28BC5D780013B6CA /* Dictionary+URLQueryItem.swift */ = {isa = PBXFileReference; lastKnownFileType = sourcecode.swift; path = "Dictionary+URLQueryItem.swift"; sourceTree = "<group>"; };
		B796F94C28BC5DBD0013B6CA /* AutoLayout+Extension.swift */ = {isa = PBXFileReference; lastKnownFileType = sourcecode.swift; path = "AutoLayout+Extension.swift"; sourceTree = "<group>"; };
		B796F94E28BC5DFA0013B6CA /* Locale+Extension.swift */ = {isa = PBXFileReference; lastKnownFileType = sourcecode.swift; path = "Locale+Extension.swift"; sourceTree = "<group>"; };
		B796F95028BC5E390013B6CA /* NSMutableAttributedString+Extension.swift */ = {isa = PBXFileReference; lastKnownFileType = sourcecode.swift; path = "NSMutableAttributedString+Extension.swift"; sourceTree = "<group>"; };
		B796F95428BCB9890013B6CA /* SetPasswordViewController.swift */ = {isa = PBXFileReference; lastKnownFileType = sourcecode.swift; path = SetPasswordViewController.swift; sourceTree = "<group>"; };
		B796F95628BCBD310013B6CA /* SetPassword.storyboard */ = {isa = PBXFileReference; lastKnownFileType = file.storyboard; path = SetPassword.storyboard; sourceTree = "<group>"; };
		B7C6BAE028BB10C300FD4F56 /* Login.storyboard */ = {isa = PBXFileReference; lastKnownFileType = file.storyboard; path = Login.storyboard; sourceTree = "<group>"; };
		B7C6BAE228BB10CF00FD4F56 /* LoginViewController.swift */ = {isa = PBXFileReference; lastKnownFileType = sourcecode.swift; path = LoginViewController.swift; sourceTree = "<group>"; };
/* End PBXFileReference section */

/* Begin PBXFrameworksBuildPhase section */
		B73D643428B7711800D8B38A /* Frameworks */ = {
			isa = PBXFrameworksBuildPhase;
			buildActionMask = 2147483647;
			files = (
			);
			runOnlyForDeploymentPostprocessing = 0;
		};
		B73D644D28B7711900D8B38A /* Frameworks */ = {
			isa = PBXFrameworksBuildPhase;
			buildActionMask = 2147483647;
			files = (
			);
			runOnlyForDeploymentPostprocessing = 0;
		};
		B73D645728B7711900D8B38A /* Frameworks */ = {
			isa = PBXFrameworksBuildPhase;
			buildActionMask = 2147483647;
			files = (
			);
			runOnlyForDeploymentPostprocessing = 0;
		};
/* End PBXFrameworksBuildPhase section */

/* Begin PBXGroup section */
		B73D642E28B7711800D8B38A = {
			isa = PBXGroup;
			children = (
				B73D643928B7711800D8B38A /* Tasko */,
				B73D645328B7711900D8B38A /* TaskoTests */,
				B73D645D28B7711900D8B38A /* TaskoUITests */,
				B73D643828B7711800D8B38A /* Products */,
			);
			sourceTree = "<group>";
		};
		B73D643828B7711800D8B38A /* Products */ = {
			isa = PBXGroup;
			children = (
				B73D643728B7711800D8B38A /* Tasko.app */,
				B73D645028B7711900D8B38A /* TaskoTests.xctest */,
				B73D645A28B7711900D8B38A /* TaskoUITests.xctest */,
			);
			name = Products;
			sourceTree = "<group>";
		};
		B73D643928B7711800D8B38A /* Tasko */ = {
			isa = PBXGroup;
			children = (
				B73D646F28B7754A00D8B38A /* Application */,
				B73D646E28B7754300D8B38A /* Utilities */,
				B73D646D28B7753D00D8B38A /* Resources */,
			);
			path = Tasko;
			sourceTree = "<group>";
		};
		B73D645328B7711900D8B38A /* TaskoTests */ = {
			isa = PBXGroup;
			children = (
				B73D645428B7711900D8B38A /* TaskoTests.swift */,
			);
			path = TaskoTests;
			sourceTree = "<group>";
		};
		B73D645D28B7711900D8B38A /* TaskoUITests */ = {
			isa = PBXGroup;
			children = (
				B73D645E28B7711900D8B38A /* TaskoUITests.swift */,
				B73D646028B7711900D8B38A /* TaskoUITestsLaunchTests.swift */,
			);
			path = TaskoUITests;
			sourceTree = "<group>";
		};
		B73D646D28B7753D00D8B38A /* Resources */ = {
			isa = PBXGroup;
			children = (
				B74EB0A228B79AC100C95C40 /* Fonts */,
				B73D644628B7711900D8B38A /* Assets.xcassets */,
				B73D644828B7711900D8B38A /* LaunchScreen.storyboard */,
				B73D644B28B7711900D8B38A /* Info.plist */,
				B73D644328B7711800D8B38A /* Tasko.xcdatamodeld */,
			);
			path = Resources;
			sourceTree = "<group>";
		};
		B73D646E28B7754300D8B38A /* Utilities */ = {
			isa = PBXGroup;
			children = (
				B796F94728BC5D300013B6CA /* Extensions */,
			);
			path = Utilities;
			sourceTree = "<group>";
		};
		B73D646F28B7754A00D8B38A /* Application */ = {
			isa = PBXGroup;
			children = (
				B7961F2528BB3A9E0029E215 /* SignUp */,
				B7C6BADC28BB109B00FD4F56 /* Login */,
				B74EB09528B7965F00C95C40 /* GetStarted */,
				B74EB09428B7965500C95C40 /* Projects */,
				B74EB09128B7906C00C95C40 /* TabBar */,
				B73D643A28B7711800D8B38A /* AppDelegate.swift */,
				B73D643C28B7711800D8B38A /* SceneDelegate.swift */,
			);
			path = Application;
			sourceTree = "<group>";
		};
		B74EB09128B7906C00C95C40 /* TabBar */ = {
			isa = PBXGroup;
			children = (
				B73D644028B7711800D8B38A /* Main.storyboard */,
				B74EB09228B7960F00C95C40 /* MainTabController.swift */,
			);
			path = TabBar;
			sourceTree = "<group>";
		};
		B74EB09428B7965500C95C40 /* Projects */ = {
			isa = PBXGroup;
			children = (
				B74EB09D28B7978100C95C40 /* Model */,
				B74EB09C28B7977B00C95C40 /* ViewModel */,
				B74EB09628B7966700C95C40 /* View */,
			);
			path = Projects;
			sourceTree = "<group>";
		};
		B74EB09528B7965F00C95C40 /* GetStarted */ = {
			isa = PBXGroup;
			children = (
				B74EB09B28B7977600C95C40 /* View */,
			);
			path = GetStarted;
			sourceTree = "<group>";
		};
		B74EB09628B7966700C95C40 /* View */ = {
			isa = PBXGroup;
			children = (
				B74EB09728B7967A00C95C40 /* Projects.storyboard */,
				B74EB09928B7968D00C95C40 /* ProjectsViewController.swift */,
			);
			path = View;
			sourceTree = "<group>";
		};
		B74EB09B28B7977600C95C40 /* View */ = {
			isa = PBXGroup;
			children = (
				B74EB09E28B7979300C95C40 /* GetStarted.storyboard */,
				B74EB0A028B797A300C95C40 /* GetStartedViewController.swift */,
			);
			path = View;
			sourceTree = "<group>";
		};
		B74EB09C28B7977B00C95C40 /* ViewModel */ = {
			isa = PBXGroup;
			children = (
			);
			path = ViewModel;
			sourceTree = "<group>";
		};
		B74EB09D28B7978100C95C40 /* Model */ = {
			isa = PBXGroup;
			children = (
			);
			path = Model;
			sourceTree = "<group>";
		};
		B74EB0A228B79AC100C95C40 /* Fonts */ = {
			isa = PBXGroup;
			children = (
				B74EB0AA28B79AD500C95C40 /* Inter-Black.ttf */,
				B74EB0A528B79AD500C95C40 /* Inter-Bold.ttf */,
				B74EB0A828B79AD500C95C40 /* Inter-ExtraBold.ttf */,
				B74EB0A428B79AD500C95C40 /* Inter-ExtraLight.ttf */,
				B74EB0A728B79AD500C95C40 /* Inter-Light.ttf */,
				B74EB0A928B79AD500C95C40 /* Inter-Medium.ttf */,
				B74EB0AB28B79AD500C95C40 /* Inter-Regular.ttf */,
				B74EB0A328B79AD500C95C40 /* Inter-SemiBold.ttf */,
				B74EB0A628B79AD500C95C40 /* Inter-Thin.ttf */,
			);
			path = Fonts;
			sourceTree = "<group>";
		};
		B7961F2528BB3A9E0029E215 /* SignUp */ = {
			isa = PBXGroup;
			children = (
				B7961F2828BB3AB70029E215 /* Model */,
				B7961F2728BB3AB10029E215 /* ViewModel */,
				B7961F2628BB3AA90029E215 /* View */,
			);
			path = SignUp;
			sourceTree = "<group>";
		};
		B7961F2628BB3AA90029E215 /* View */ = {
			isa = PBXGroup;
			children = (
				B7961F2928BB3AC60029E215 /* SignUp.storyboard */,
				B7961F2B28BB3ACF0029E215 /* SignUpViewController.swift */,
				B796F95628BCBD310013B6CA /* SetPassword.storyboard */,
				B796F95428BCB9890013B6CA /* SetPasswordViewController.swift */,
			);
			path = View;
			sourceTree = "<group>";
		};
		B7961F2728BB3AB10029E215 /* ViewModel */ = {
			isa = PBXGroup;
			children = (
			);
			path = ViewModel;
			sourceTree = "<group>";
		};
		B7961F2828BB3AB70029E215 /* Model */ = {
			isa = PBXGroup;
			children = (
			);
			path = Model;
			sourceTree = "<group>";
		};
		B796F94728BC5D300013B6CA /* Extensions */ = {
			isa = PBXGroup;
			children = (
				B796F94828BC5D510013B6CA /* UIViewController+Storyboard.swift */,
				B796F94A28BC5D780013B6CA /* Dictionary+URLQueryItem.swift */,
				B796F94C28BC5DBD0013B6CA /* AutoLayout+Extension.swift */,
				B796F94E28BC5DFA0013B6CA /* Locale+Extension.swift */,
				B796F95028BC5E390013B6CA /* NSMutableAttributedString+Extension.swift */,
			);
			path = Extensions;
			sourceTree = "<group>";
		};
		B7C6BADC28BB109B00FD4F56 /* Login */ = {
			isa = PBXGroup;
			children = (
				B7C6BADF28BB10B500FD4F56 /* ViewModel */,
				B7C6BADE28BB10AF00FD4F56 /* Model */,
				B7C6BADD28BB10A200FD4F56 /* View */,
			);
			path = Login;
			sourceTree = "<group>";
		};
		B7C6BADD28BB10A200FD4F56 /* View */ = {
			isa = PBXGroup;
			children = (
				B7C6BAE028BB10C300FD4F56 /* Login.storyboard */,
				B7C6BAE228BB10CF00FD4F56 /* LoginViewController.swift */,
			);
			path = View;
			sourceTree = "<group>";
		};
		B7C6BADE28BB10AF00FD4F56 /* Model */ = {
			isa = PBXGroup;
			children = (
			);
			path = Model;
			sourceTree = "<group>";
		};
		B7C6BADF28BB10B500FD4F56 /* ViewModel */ = {
			isa = PBXGroup;
			children = (
			);
			path = ViewModel;
			sourceTree = "<group>";
		};
/* End PBXGroup section */

/* Begin PBXNativeTarget section */
		B73D643628B7711800D8B38A /* Tasko */ = {
			isa = PBXNativeTarget;
			buildConfigurationList = B73D646428B7711900D8B38A /* Build configuration list for PBXNativeTarget "Tasko" */;
			buildPhases = (
				B73D643328B7711800D8B38A /* Sources */,
				B73D643428B7711800D8B38A /* Frameworks */,
				B73D643528B7711800D8B38A /* Resources */,
			);
			buildRules = (
			);
			dependencies = (
			);
			name = Tasko;
			productName = Tasko;
			productReference = B73D643728B7711800D8B38A /* Tasko.app */;
			productType = "com.apple.product-type.application";
		};
		B73D644F28B7711900D8B38A /* TaskoTests */ = {
			isa = PBXNativeTarget;
			buildConfigurationList = B73D646728B7711900D8B38A /* Build configuration list for PBXNativeTarget "TaskoTests" */;
			buildPhases = (
				B73D644C28B7711900D8B38A /* Sources */,
				B73D644D28B7711900D8B38A /* Frameworks */,
				B73D644E28B7711900D8B38A /* Resources */,
			);
			buildRules = (
			);
			dependencies = (
				B73D645228B7711900D8B38A /* PBXTargetDependency */,
			);
			name = TaskoTests;
			productName = TaskoTests;
			productReference = B73D645028B7711900D8B38A /* TaskoTests.xctest */;
			productType = "com.apple.product-type.bundle.unit-test";
		};
		B73D645928B7711900D8B38A /* TaskoUITests */ = {
			isa = PBXNativeTarget;
			buildConfigurationList = B73D646A28B7711900D8B38A /* Build configuration list for PBXNativeTarget "TaskoUITests" */;
			buildPhases = (
				B73D645628B7711900D8B38A /* Sources */,
				B73D645728B7711900D8B38A /* Frameworks */,
				B73D645828B7711900D8B38A /* Resources */,
			);
			buildRules = (
			);
			dependencies = (
				B73D645C28B7711900D8B38A /* PBXTargetDependency */,
			);
			name = TaskoUITests;
			productName = TaskoUITests;
			productReference = B73D645A28B7711900D8B38A /* TaskoUITests.xctest */;
			productType = "com.apple.product-type.bundle.ui-testing";
		};
/* End PBXNativeTarget section */

/* Begin PBXProject section */
		B73D642F28B7711800D8B38A /* Project object */ = {
			isa = PBXProject;
			attributes = {
				BuildIndependentTargetsInParallel = 1;
				LastSwiftUpdateCheck = 1340;
				LastUpgradeCheck = 1340;
				TargetAttributes = {
					B73D643628B7711800D8B38A = {
						CreatedOnToolsVersion = 13.4.1;
					};
					B73D644F28B7711900D8B38A = {
						CreatedOnToolsVersion = 13.4.1;
						TestTargetID = B73D643628B7711800D8B38A;
					};
					B73D645928B7711900D8B38A = {
						CreatedOnToolsVersion = 13.4.1;
						TestTargetID = B73D643628B7711800D8B38A;
					};
				};
			};
			buildConfigurationList = B73D643228B7711800D8B38A /* Build configuration list for PBXProject "Tasko" */;
			compatibilityVersion = "Xcode 13.0";
			developmentRegion = en;
			hasScannedForEncodings = 0;
			knownRegions = (
				en,
				Base,
			);
			mainGroup = B73D642E28B7711800D8B38A;
			productRefGroup = B73D643828B7711800D8B38A /* Products */;
			projectDirPath = "";
			projectRoot = "";
			targets = (
				B73D643628B7711800D8B38A /* Tasko */,
				B73D644F28B7711900D8B38A /* TaskoTests */,
				B73D645928B7711900D8B38A /* TaskoUITests */,
			);
		};
/* End PBXProject section */

/* Begin PBXResourcesBuildPhase section */
		B73D643528B7711800D8B38A /* Resources */ = {
			isa = PBXResourcesBuildPhase;
			buildActionMask = 2147483647;
			files = (
				B74EB0B028B79AD500C95C40 /* Inter-Light.ttf in Resources */,
				B74EB0B128B79AD500C95C40 /* Inter-ExtraBold.ttf in Resources */,
				B796F95728BCBD310013B6CA /* SetPassword.storyboard in Resources */,
				B74EB0AC28B79AD500C95C40 /* Inter-SemiBold.ttf in Resources */,
				B74EB09828B7967A00C95C40 /* Projects.storyboard in Resources */,
				B74EB0AF28B79AD500C95C40 /* Inter-Thin.ttf in Resources */,
				B74EB0AE28B79AD500C95C40 /* Inter-Bold.ttf in Resources */,
				B74EB0B428B79AD500C95C40 /* Inter-Regular.ttf in Resources */,
				B74EB0B328B79AD500C95C40 /* Inter-Black.ttf in Resources */,
				B7C6BAE128BB10C300FD4F56 /* Login.storyboard in Resources */,
				B73D644A28B7711900D8B38A /* LaunchScreen.storyboard in Resources */,
				B74EB0AD28B79AD500C95C40 /* Inter-ExtraLight.ttf in Resources */,
				B74EB0B228B79AD500C95C40 /* Inter-Medium.ttf in Resources */,
				B73D644728B7711900D8B38A /* Assets.xcassets in Resources */,
				B73D644228B7711800D8B38A /* Main.storyboard in Resources */,
				B7961F2A28BB3AC60029E215 /* SignUp.storyboard in Resources */,
				B74EB09F28B7979300C95C40 /* GetStarted.storyboard in Resources */,
			);
			runOnlyForDeploymentPostprocessing = 0;
		};
		B73D644E28B7711900D8B38A /* Resources */ = {
			isa = PBXResourcesBuildPhase;
			buildActionMask = 2147483647;
			files = (
			);
			runOnlyForDeploymentPostprocessing = 0;
		};
		B73D645828B7711900D8B38A /* Resources */ = {
			isa = PBXResourcesBuildPhase;
			buildActionMask = 2147483647;
			files = (
			);
			runOnlyForDeploymentPostprocessing = 0;
		};
/* End PBXResourcesBuildPhase section */

/* Begin PBXSourcesBuildPhase section */
		B73D643328B7711800D8B38A /* Sources */ = {
			isa = PBXSourcesBuildPhase;
			buildActionMask = 2147483647;
			files = (
				B7C6BAE328BB10CF00FD4F56 /* LoginViewController.swift in Sources */,
				B796F94F28BC5DFA0013B6CA /* Locale+Extension.swift in Sources */,
				B73D644528B7711800D8B38A /* Tasko.xcdatamodeld in Sources */,
				B796F95128BC5E390013B6CA /* NSMutableAttributedString+Extension.swift in Sources */,
				B7961F2C28BB3ACF0029E215 /* SignUpViewController.swift in Sources */,
				B74EB09A28B7968D00C95C40 /* ProjectsViewController.swift in Sources */,
				B796F95528BCB9890013B6CA /* SetPasswordViewController.swift in Sources */,
				B73D643B28B7711800D8B38A /* AppDelegate.swift in Sources */,
				B796F94928BC5D510013B6CA /* UIViewController+Storyboard.swift in Sources */,
				B74EB0A128B797A300C95C40 /* GetStartedViewController.swift in Sources */,
				B74EB09328B7960F00C95C40 /* MainTabController.swift in Sources */,
				B73D643D28B7711800D8B38A /* SceneDelegate.swift in Sources */,
				B796F94D28BC5DBD0013B6CA /* AutoLayout+Extension.swift in Sources */,
				B796F94B28BC5D780013B6CA /* Dictionary+URLQueryItem.swift in Sources */,
			);
			runOnlyForDeploymentPostprocessing = 0;
		};
		B73D644C28B7711900D8B38A /* Sources */ = {
			isa = PBXSourcesBuildPhase;
			buildActionMask = 2147483647;
			files = (
				B73D645528B7711900D8B38A /* TaskoTests.swift in Sources */,
			);
			runOnlyForDeploymentPostprocessing = 0;
		};
		B73D645628B7711900D8B38A /* Sources */ = {
			isa = PBXSourcesBuildPhase;
			buildActionMask = 2147483647;
			files = (
				B73D645F28B7711900D8B38A /* TaskoUITests.swift in Sources */,
				B73D646128B7711900D8B38A /* TaskoUITestsLaunchTests.swift in Sources */,
			);
			runOnlyForDeploymentPostprocessing = 0;
		};
/* End PBXSourcesBuildPhase section */

/* Begin PBXTargetDependency section */
		B73D645228B7711900D8B38A /* PBXTargetDependency */ = {
			isa = PBXTargetDependency;
			target = B73D643628B7711800D8B38A /* Tasko */;
			targetProxy = B73D645128B7711900D8B38A /* PBXContainerItemProxy */;
		};
		B73D645C28B7711900D8B38A /* PBXTargetDependency */ = {
			isa = PBXTargetDependency;
			target = B73D643628B7711800D8B38A /* Tasko */;
			targetProxy = B73D645B28B7711900D8B38A /* PBXContainerItemProxy */;
		};
/* End PBXTargetDependency section */

/* Begin PBXVariantGroup section */
		B73D644028B7711800D8B38A /* Main.storyboard */ = {
			isa = PBXVariantGroup;
			children = (
				B73D644128B7711800D8B38A /* Base */,
			);
			name = Main.storyboard;
			sourceTree = "<group>";
		};
		B73D644828B7711900D8B38A /* LaunchScreen.storyboard */ = {
			isa = PBXVariantGroup;
			children = (
				B73D644928B7711900D8B38A /* Base */,
			);
			name = LaunchScreen.storyboard;
			sourceTree = "<group>";
		};
/* End PBXVariantGroup section */

/* Begin XCBuildConfiguration section */
		B73D646228B7711900D8B38A /* Debug */ = {
			isa = XCBuildConfiguration;
			buildSettings = {
				ALWAYS_SEARCH_USER_PATHS = NO;
				CLANG_ANALYZER_NONNULL = YES;
				CLANG_ANALYZER_NUMBER_OBJECT_CONVERSION = YES_AGGRESSIVE;
				CLANG_CXX_LANGUAGE_STANDARD = "gnu++17";
				CLANG_ENABLE_MODULES = YES;
				CLANG_ENABLE_OBJC_ARC = YES;
				CLANG_ENABLE_OBJC_WEAK = YES;
				CLANG_WARN_BLOCK_CAPTURE_AUTORELEASING = YES;
				CLANG_WARN_BOOL_CONVERSION = YES;
				CLANG_WARN_COMMA = YES;
				CLANG_WARN_CONSTANT_CONVERSION = YES;
				CLANG_WARN_DEPRECATED_OBJC_IMPLEMENTATIONS = YES;
				CLANG_WARN_DIRECT_OBJC_ISA_USAGE = YES_ERROR;
				CLANG_WARN_DOCUMENTATION_COMMENTS = YES;
				CLANG_WARN_EMPTY_BODY = YES;
				CLANG_WARN_ENUM_CONVERSION = YES;
				CLANG_WARN_INFINITE_RECURSION = YES;
				CLANG_WARN_INT_CONVERSION = YES;
				CLANG_WARN_NON_LITERAL_NULL_CONVERSION = YES;
				CLANG_WARN_OBJC_IMPLICIT_RETAIN_SELF = YES;
				CLANG_WARN_OBJC_LITERAL_CONVERSION = YES;
				CLANG_WARN_OBJC_ROOT_CLASS = YES_ERROR;
				CLANG_WARN_QUOTED_INCLUDE_IN_FRAMEWORK_HEADER = YES;
				CLANG_WARN_RANGE_LOOP_ANALYSIS = YES;
				CLANG_WARN_STRICT_PROTOTYPES = YES;
				CLANG_WARN_SUSPICIOUS_MOVE = YES;
				CLANG_WARN_UNGUARDED_AVAILABILITY = YES_AGGRESSIVE;
				CLANG_WARN_UNREACHABLE_CODE = YES;
				CLANG_WARN__DUPLICATE_METHOD_MATCH = YES;
				COPY_PHASE_STRIP = NO;
				DEBUG_INFORMATION_FORMAT = dwarf;
				ENABLE_STRICT_OBJC_MSGSEND = YES;
				ENABLE_TESTABILITY = YES;
				GCC_C_LANGUAGE_STANDARD = gnu11;
				GCC_DYNAMIC_NO_PIC = NO;
				GCC_NO_COMMON_BLOCKS = YES;
				GCC_OPTIMIZATION_LEVEL = 0;
				GCC_PREPROCESSOR_DEFINITIONS = (
					"DEBUG=1",
					"$(inherited)",
				);
				GCC_WARN_64_TO_32_BIT_CONVERSION = YES;
				GCC_WARN_ABOUT_RETURN_TYPE = YES_ERROR;
				GCC_WARN_UNDECLARED_SELECTOR = YES;
				GCC_WARN_UNINITIALIZED_AUTOS = YES_AGGRESSIVE;
				GCC_WARN_UNUSED_FUNCTION = YES;
				GCC_WARN_UNUSED_VARIABLE = YES;
				IPHONEOS_DEPLOYMENT_TARGET = 15.5;
				MTL_ENABLE_DEBUG_INFO = INCLUDE_SOURCE;
				MTL_FAST_MATH = YES;
				ONLY_ACTIVE_ARCH = YES;
				SDKROOT = iphoneos;
				SWIFT_ACTIVE_COMPILATION_CONDITIONS = DEBUG;
				SWIFT_OPTIMIZATION_LEVEL = "-Onone";
			};
			name = Debug;
		};
		B73D646328B7711900D8B38A /* Release */ = {
			isa = XCBuildConfiguration;
			buildSettings = {
				ALWAYS_SEARCH_USER_PATHS = NO;
				CLANG_ANALYZER_NONNULL = YES;
				CLANG_ANALYZER_NUMBER_OBJECT_CONVERSION = YES_AGGRESSIVE;
				CLANG_CXX_LANGUAGE_STANDARD = "gnu++17";
				CLANG_ENABLE_MODULES = YES;
				CLANG_ENABLE_OBJC_ARC = YES;
				CLANG_ENABLE_OBJC_WEAK = YES;
				CLANG_WARN_BLOCK_CAPTURE_AUTORELEASING = YES;
				CLANG_WARN_BOOL_CONVERSION = YES;
				CLANG_WARN_COMMA = YES;
				CLANG_WARN_CONSTANT_CONVERSION = YES;
				CLANG_WARN_DEPRECATED_OBJC_IMPLEMENTATIONS = YES;
				CLANG_WARN_DIRECT_OBJC_ISA_USAGE = YES_ERROR;
				CLANG_WARN_DOCUMENTATION_COMMENTS = YES;
				CLANG_WARN_EMPTY_BODY = YES;
				CLANG_WARN_ENUM_CONVERSION = YES;
				CLANG_WARN_INFINITE_RECURSION = YES;
				CLANG_WARN_INT_CONVERSION = YES;
				CLANG_WARN_NON_LITERAL_NULL_CONVERSION = YES;
				CLANG_WARN_OBJC_IMPLICIT_RETAIN_SELF = YES;
				CLANG_WARN_OBJC_LITERAL_CONVERSION = YES;
				CLANG_WARN_OBJC_ROOT_CLASS = YES_ERROR;
				CLANG_WARN_QUOTED_INCLUDE_IN_FRAMEWORK_HEADER = YES;
				CLANG_WARN_RANGE_LOOP_ANALYSIS = YES;
				CLANG_WARN_STRICT_PROTOTYPES = YES;
				CLANG_WARN_SUSPICIOUS_MOVE = YES;
				CLANG_WARN_UNGUARDED_AVAILABILITY = YES_AGGRESSIVE;
				CLANG_WARN_UNREACHABLE_CODE = YES;
				CLANG_WARN__DUPLICATE_METHOD_MATCH = YES;
				COPY_PHASE_STRIP = NO;
				DEBUG_INFORMATION_FORMAT = "dwarf-with-dsym";
				ENABLE_NS_ASSERTIONS = NO;
				ENABLE_STRICT_OBJC_MSGSEND = YES;
				GCC_C_LANGUAGE_STANDARD = gnu11;
				GCC_NO_COMMON_BLOCKS = YES;
				GCC_WARN_64_TO_32_BIT_CONVERSION = YES;
				GCC_WARN_ABOUT_RETURN_TYPE = YES_ERROR;
				GCC_WARN_UNDECLARED_SELECTOR = YES;
				GCC_WARN_UNINITIALIZED_AUTOS = YES_AGGRESSIVE;
				GCC_WARN_UNUSED_FUNCTION = YES;
				GCC_WARN_UNUSED_VARIABLE = YES;
				IPHONEOS_DEPLOYMENT_TARGET = 15.5;
				MTL_ENABLE_DEBUG_INFO = NO;
				MTL_FAST_MATH = YES;
				SDKROOT = iphoneos;
				SWIFT_COMPILATION_MODE = wholemodule;
				SWIFT_OPTIMIZATION_LEVEL = "-O";
				VALIDATE_PRODUCT = YES;
			};
			name = Release;
		};
		B73D646528B7711900D8B38A /* Debug */ = {
			isa = XCBuildConfiguration;
			buildSettings = {
				ASSETCATALOG_COMPILER_APPICON_NAME = AppIcon;
				ASSETCATALOG_COMPILER_GLOBAL_ACCENT_COLOR_NAME = AccentColor;
				CODE_SIGN_STYLE = Automatic;
				CURRENT_PROJECT_VERSION = 1;
				DEVELOPMENT_TEAM = "";
				GENERATE_INFOPLIST_FILE = YES;
				INFOPLIST_FILE = Tasko/Resources/Info.plist;
				INFOPLIST_KEY_UIApplicationSupportsIndirectInputEvents = YES;
				INFOPLIST_KEY_UILaunchStoryboardName = LaunchScreen;
				INFOPLIST_KEY_UIMainStoryboardFile = GetStarted;
				INFOPLIST_KEY_UISupportedInterfaceOrientations_iPad = "UIInterfaceOrientationPortrait UIInterfaceOrientationPortraitUpsideDown UIInterfaceOrientationLandscapeLeft UIInterfaceOrientationLandscapeRight";
				INFOPLIST_KEY_UISupportedInterfaceOrientations_iPhone = "UIInterfaceOrientationPortrait UIInterfaceOrientationLandscapeLeft UIInterfaceOrientationLandscapeRight";
				LD_RUNPATH_SEARCH_PATHS = (
					"$(inherited)",
					"@executable_path/Frameworks",
				);
				MARKETING_VERSION = 1.0;
				PRODUCT_BUNDLE_IDENTIFIER = com.raphramirez.Tasko;
				PRODUCT_NAME = "$(TARGET_NAME)";
				SWIFT_EMIT_LOC_STRINGS = YES;
				SWIFT_VERSION = 5.0;
				TARGETED_DEVICE_FAMILY = 1;
			};
			name = Debug;
		};
		B73D646628B7711900D8B38A /* Release */ = {
			isa = XCBuildConfiguration;
			buildSettings = {
				ASSETCATALOG_COMPILER_APPICON_NAME = AppIcon;
				ASSETCATALOG_COMPILER_GLOBAL_ACCENT_COLOR_NAME = AccentColor;
				CODE_SIGN_STYLE = Automatic;
				CURRENT_PROJECT_VERSION = 1;
				GENERATE_INFOPLIST_FILE = YES;
				INFOPLIST_FILE = Tasko/Resources/Info.plist;
				INFOPLIST_KEY_UIApplicationSupportsIndirectInputEvents = YES;
				INFOPLIST_KEY_UILaunchStoryboardName = LaunchScreen;
				INFOPLIST_KEY_UIMainStoryboardFile = GetStarted;
				INFOPLIST_KEY_UISupportedInterfaceOrientations_iPad = "UIInterfaceOrientationPortrait UIInterfaceOrientationPortraitUpsideDown UIInterfaceOrientationLandscapeLeft UIInterfaceOrientationLandscapeRight";
				INFOPLIST_KEY_UISupportedInterfaceOrientations_iPhone = "UIInterfaceOrientationPortrait UIInterfaceOrientationLandscapeLeft UIInterfaceOrientationLandscapeRight";
				LD_RUNPATH_SEARCH_PATHS = (
					"$(inherited)",
					"@executable_path/Frameworks",
				);
				MARKETING_VERSION = 1.0;
				PRODUCT_BUNDLE_IDENTIFIER = com.raphramirez.Tasko;
				PRODUCT_NAME = "$(TARGET_NAME)";
				SWIFT_EMIT_LOC_STRINGS = YES;
				SWIFT_VERSION = 5.0;
				TARGETED_DEVICE_FAMILY = 1;
			};
			name = Release;
		};
		B73D646828B7711900D8B38A /* Debug */ = {
			isa = XCBuildConfiguration;
			buildSettings = {
				ALWAYS_EMBED_SWIFT_STANDARD_LIBRARIES = YES;
				BUNDLE_LOADER = "$(TEST_HOST)";
				CODE_SIGN_STYLE = Automatic;
				CURRENT_PROJECT_VERSION = 1;
				GENERATE_INFOPLIST_FILE = YES;
				IPHONEOS_DEPLOYMENT_TARGET = 15.5;
				MARKETING_VERSION = 1.0;
				PRODUCT_BUNDLE_IDENTIFIER = com.raphramirez.TaskoTests;
				PRODUCT_NAME = "$(TARGET_NAME)";
				SWIFT_EMIT_LOC_STRINGS = NO;
				SWIFT_VERSION = 5.0;
				TARGETED_DEVICE_FAMILY = "1,2";
				TEST_HOST = "$(BUILT_PRODUCTS_DIR)/Tasko.app/Tasko";
			};
			name = Debug;
		};
		B73D646928B7711900D8B38A /* Release */ = {
			isa = XCBuildConfiguration;
			buildSettings = {
				ALWAYS_EMBED_SWIFT_STANDARD_LIBRARIES = YES;
				BUNDLE_LOADER = "$(TEST_HOST)";
				CODE_SIGN_STYLE = Automatic;
				CURRENT_PROJECT_VERSION = 1;
				GENERATE_INFOPLIST_FILE = YES;
				IPHONEOS_DEPLOYMENT_TARGET = 15.5;
				MARKETING_VERSION = 1.0;
				PRODUCT_BUNDLE_IDENTIFIER = com.raphramirez.TaskoTests;
				PRODUCT_NAME = "$(TARGET_NAME)";
				SWIFT_EMIT_LOC_STRINGS = NO;
				SWIFT_VERSION = 5.0;
				TARGETED_DEVICE_FAMILY = "1,2";
				TEST_HOST = "$(BUILT_PRODUCTS_DIR)/Tasko.app/Tasko";
			};
			name = Release;
		};
		B73D646B28B7711900D8B38A /* Debug */ = {
			isa = XCBuildConfiguration;
			buildSettings = {
				ALWAYS_EMBED_SWIFT_STANDARD_LIBRARIES = YES;
				CODE_SIGN_STYLE = Automatic;
				CURRENT_PROJECT_VERSION = 1;
				GENERATE_INFOPLIST_FILE = YES;
				MARKETING_VERSION = 1.0;
				PRODUCT_BUNDLE_IDENTIFIER = com.raphramirez.TaskoUITests;
				PRODUCT_NAME = "$(TARGET_NAME)";
				SWIFT_EMIT_LOC_STRINGS = NO;
				SWIFT_VERSION = 5.0;
				TARGETED_DEVICE_FAMILY = "1,2";
				TEST_TARGET_NAME = Tasko;
			};
			name = Debug;
		};
		B73D646C28B7711900D8B38A /* Release */ = {
			isa = XCBuildConfiguration;
			buildSettings = {
				ALWAYS_EMBED_SWIFT_STANDARD_LIBRARIES = YES;
				CODE_SIGN_STYLE = Automatic;
				CURRENT_PROJECT_VERSION = 1;
				GENERATE_INFOPLIST_FILE = YES;
				MARKETING_VERSION = 1.0;
				PRODUCT_BUNDLE_IDENTIFIER = com.raphramirez.TaskoUITests;
				PRODUCT_NAME = "$(TARGET_NAME)";
				SWIFT_EMIT_LOC_STRINGS = NO;
				SWIFT_VERSION = 5.0;
				TARGETED_DEVICE_FAMILY = "1,2";
				TEST_TARGET_NAME = Tasko;
			};
			name = Release;
		};
/* End XCBuildConfiguration section */

/* Begin XCConfigurationList section */
		B73D643228B7711800D8B38A /* Build configuration list for PBXProject "Tasko" */ = {
			isa = XCConfigurationList;
			buildConfigurations = (
				B73D646228B7711900D8B38A /* Debug */,
				B73D646328B7711900D8B38A /* Release */,
			);
			defaultConfigurationIsVisible = 0;
			defaultConfigurationName = Release;
		};
		B73D646428B7711900D8B38A /* Build configuration list for PBXNativeTarget "Tasko" */ = {
			isa = XCConfigurationList;
			buildConfigurations = (
				B73D646528B7711900D8B38A /* Debug */,
				B73D646628B7711900D8B38A /* Release */,
			);
			defaultConfigurationIsVisible = 0;
			defaultConfigurationName = Release;
		};
		B73D646728B7711900D8B38A /* Build configuration list for PBXNativeTarget "TaskoTests" */ = {
			isa = XCConfigurationList;
			buildConfigurations = (
				B73D646828B7711900D8B38A /* Debug */,
				B73D646928B7711900D8B38A /* Release */,
			);
			defaultConfigurationIsVisible = 0;
			defaultConfigurationName = Release;
		};
		B73D646A28B7711900D8B38A /* Build configuration list for PBXNativeTarget "TaskoUITests" */ = {
			isa = XCConfigurationList;
			buildConfigurations = (
				B73D646B28B7711900D8B38A /* Debug */,
				B73D646C28B7711900D8B38A /* Release */,
			);
			defaultConfigurationIsVisible = 0;
			defaultConfigurationName = Release;
		};
/* End XCConfigurationList section */

/* Begin XCVersionGroup section */
		B73D644328B7711800D8B38A /* Tasko.xcdatamodeld */ = {
			isa = XCVersionGroup;
			children = (
				B73D644428B7711800D8B38A /* Tasko.xcdatamodel */,
			);
			currentVersion = B73D644428B7711800D8B38A /* Tasko.xcdatamodel */;
			path = Tasko.xcdatamodeld;
			sourceTree = "<group>";
			versionGroupType = wrapper.xcdatamodel;
		};
/* End XCVersionGroup section */
	};
	rootObject = B73D642F28B7711800D8B38A /* Project object */;
}
